<?xml version="1.0" encoding="utf-8"?>
<Project ToolsVersion="4.0" xmlns="http://schemas.microsoft.com/developer/msbuild/2003">
  <ItemGroup>
    <Filter Include="Source Files">
      <UniqueIdentifier>{4FC737F1-C7A5-4376-A066-2A32D752A2FF}</UniqueIdentifier>
      <Extensions>cpp;c;cc;cxx;def;odl;idl;hpj;bat;asm;asmx</Extensions>
    </Filter>
  </ItemGroup>
  <ItemGroup>
    <ClCompile Include="..\bone_optimize.cpp">
      <Filter>Source Files</Filter>
    </ClCompile>
    <ClCompile Include="..\bone_saw.cpp">
      <Filter>Source Files</Filter>
    </ClCompile>
    <ClCompile Include="..\stooge_clean.cpp">
      <Filter>Source Files</Filter>
    </ClCompile>
    <ClCompile Include="..\stooge_export.cpp">
      <Filter>Source Files</Filter>
    </ClCompile>
    <ClCompile Include="..\stooge_flatten.cpp">
      <Filter>Source Files</Filter>
    </ClCompile>
    <ClCompile Include="..\..\..\engine\math\SurfaceMath.cpp">
      <Filter>Source Files</Filter>
    </ClCompile>
  </ItemGroup>
  <ItemGroup>
    <ClInclude Include="..\ReIndex.h">
      <Filter>Source Files</Filter>
    </ClInclude>
    <ClInclude Include="..\stooge_io.h">
      <Filter>Source Files</Filter>
    </ClInclude>
    <ClInclude Include="..\stooge_plugin.h">
      <Filter>Source Files</Filter>
    </ClInclude>
    <ClInclude Include="..\..\..\engine\math\SurfaceMath.h">
      <Filter>Source Files</Filter>
    </ClInclude>
  </ItemGroup>
  <ItemGroup>
    <None Include="..\stooge.mel" />
  </ItemGroup>
</Project>